
Microsoft Visual Studio Solution File, Format Version 12.00
# Visual Studio 2012
Project("{2150E333-8FDC-42A3-9474-1A3956D46DE8}") = "Solution Items", "Solution Items", "{C8BAD417-0B7D-498E-8412-E0CF1FD71FE9}"
	ProjectSection(SolutionItems) = preProject
		Gruntfile.js = Gruntfile.js
		karma.conf.js = karma.conf.js
		karma.e2e.conf.js = karma.e2e.conf.js
		package.json = package.json
		README.md = README.md
	EndProjectSection
EndProject
Project("{FAE04EC0-301F-11D3-BF4B-00C04F79EFBC}") = "DoDotNetShop.Web", "DoDotNetShop.Web\DoDotNetShop.Web.csproj", "{C7B23510-F3F7-452E-B222-3BA9F2E86446}"
EndProject
Project("{2150E333-8FDC-42A3-9474-1A3956D46DE8}") = ".nuget", ".nuget", "{541091DA-B0FE-430D-9940-C65424A228DE}"
	ProjectSection(SolutionItems) = preProject
		.nuget\NuGet.Config = .nuget\NuGet.Config
		.nuget\NuGet.exe = .nuget\NuGet.exe
		.nuget\NuGet.targets = .nuget\NuGet.targets
	EndProjectSection
EndProject
Global
	GlobalSection(SolutionConfigurationPlatforms) = preSolution
		Debug|Any CPU = Debug|Any CPU
		Release|Any CPU = Release|Any CPU
		Scenario|Any CPU = Scenario|Any CPU
	EndGlobalSection
	GlobalSection(ProjectConfigurationPlatforms) = postSolution
		{C7B23510-F3F7-452E-B222-3BA9F2E86446}.Debug|Any CPU.ActiveCfg = Debug|Any CPU
		{C7B23510-F3F7-452E-B222-3BA9F2E86446}.Debug|Any CPU.Build.0 = Debug|Any CPU
		{C7B23510-F3F7-452E-B222-3BA9F2E86446}.Release|Any CPU.ActiveCfg = Release|Any CPU
		{C7B23510-F3F7-452E-B222-3BA9F2E86446}.Release|Any CPU.Build.0 = Release|Any CPU
		{C7B23510-F3F7-452E-B222-3BA9F2E86446}.Scenario|Any CPU.ActiveCfg = Scenario|Any CPU
		{C7B23510-F3F7-452E-B222-3BA9F2E86446}.Scenario|Any CPU.Build.0 = Scenario|Any CPU
	EndGlobalSection
	GlobalSection(SolutionProperties) = preSolution
		HideSolutionNode = FALSE
	EndGlobalSection
EndGlobal
